
Microsoft Visual Studio Solution File, Format Version 12.00
# Visual Studio Version 17
VisualStudioVersion = 17.13.35825.156 d17.13
MinimumVisualStudioVersion = 10.0.40219.1
Project("{FAE04EC0-301F-11D3-BF4B-00C04F79EFBC}") = "u23688794_HW03", "u23688794_HW03\u23688794_HW03.csproj", "{C6D9C44D-890F-47BE-A249-16A2B82B085F}"
EndProject
Global
	GlobalSection(SolutionConfigurationPlatforms) = preSolution
		Debug|Any CPU = Debug|Any CPU
		Release|Any CPU = Release|Any CPU
	EndGlobalSection
	GlobalSection(ProjectConfigurationPlatforms) = postSolution
		{C6D9C44D-890F-47BE-A249-16A2B82B085F}.Debug|Any CPU.ActiveCfg = Debug|Any CPU
		{C6D9C44D-890F-47BE-A249-16A2B82B085F}.Debug|Any CPU.Build.0 = Debug|Any CPU
		{C6D9C44D-890F-47BE-A249-16A2B82B085F}.Release|Any CPU.ActiveCfg = Release|Any CPU
		{C6D9C44D-890F-47BE-A249-16A2B82B085F}.Release|Any CPU.Build.0 = Release|Any CPU
	EndGlobalSection
	GlobalSection(SolutionProperties) = preSolution
		HideSolutionNode = FALSE
	EndGlobalSection
	GlobalSection(ExtensibilityGlobals) = postSolution
		SolutionGuid = {AB805C6E-711F-41D5-9714-23249D669263}
	EndGlobalSection
EndGlobal
